
Microsoft Visual Studio Solution File, Format Version 12.00
# Visual Studio 15
VisualStudioVersion = 15.0.26430.15
MinimumVisualStudioVersion = 10.0.40219.1
Project("{FAE04EC0-301F-11D3-BF4B-00C04F79EFBC}") = "BackEnd", "BackEnd\BackEnd.csproj", "{FCB1D870-DC58-43D5-A579-8C58BE403AC3}"
EndProject
Project("{FAE04EC0-301F-11D3-BF4B-00C04F79EFBC}") = "WinFormsUI", "WinFormsUI\WinFormsUI.csproj", "{5EDBC160-E96A-4A81-9802-1666EABBB9F1}"
EndProject
Global
	GlobalSection(SolutionConfigurationPlatforms) = preSolution
		Debug|Any CPU = Debug|Any CPU
		Release|Any CPU = Release|Any CPU
	EndGlobalSection
	GlobalSection(ProjectConfigurationPlatforms) = postSolution
		{FCB1D870-DC58-43D5-A579-8C58BE403AC3}.Debug|Any CPU.ActiveCfg = Debug|Any CPU
		{FCB1D870-DC58-43D5-A579-8C58BE403AC3}.Debug|Any CPU.Build.0 = Debug|Any CPU
		{FCB1D870-DC58-43D5-A579-8C58BE403AC3}.Release|Any CPU.ActiveCfg = Release|Any CPU
		{FCB1D870-DC58-43D5-A579-8C58BE403AC3}.Release|Any CPU.Build.0 = Release|Any CPU
		{5EDBC160-E96A-4A81-9802-1666EABBB9F1}.Debug|Any CPU.ActiveCfg = Debug|Any CPU
		{5EDBC160-E96A-4A81-9802-1666EABBB9F1}.Debug|Any CPU.Build.0 = Debug|Any CPU
		{5EDBC160-E96A-4A81-9802-1666EABBB9F1}.Release|Any CPU.ActiveCfg = Release|Any CPU
		{5EDBC160-E96A-4A81-9802-1666EABBB9F1}.Release|Any CPU.Build.0 = Release|Any CPU
	EndGlobalSection
	GlobalSection(SolutionProperties) = preSolution
		HideSolutionNode = FALSE
	EndGlobalSection
EndGlobal
